
Microsoft Visual Studio Solution File, Format Version 12.00
# Visual Studio 15
VisualStudioVersion = 15.0.28307.106
MinimumVisualStudioVersion = 10.0.40219.1
Project("{FAE04EC0-301F-11D3-BF4B-00C04F79EFBC}") = "RunningAverageTishamI", "RunningAverageTishamI\RunningAverageTishamI.csproj", "{93B1188F-E419-4123-B105-CC51C06298AA}"
EndProject
Global
	GlobalSection(SolutionConfigurationPlatforms) = preSolution
		Debug|Any CPU = Debug|Any CPU
		Release|Any CPU = Release|Any CPU
	EndGlobalSection
	GlobalSection(ProjectConfigurationPlatforms) = postSolution
		{93B1188F-E419-4123-B105-CC51C06298AA}.Debug|Any CPU.ActiveCfg = Debug|Any CPU
		{93B1188F-E419-4123-B105-CC51C06298AA}.Debug|Any CPU.Build.0 = Debug|Any CPU
		{93B1188F-E419-4123-B105-CC51C06298AA}.Release|Any CPU.ActiveCfg = Release|Any CPU
		{93B1188F-E419-4123-B105-CC51C06298AA}.Release|Any CPU.Build.0 = Release|Any CPU
	EndGlobalSection
	GlobalSection(SolutionProperties) = preSolution
		HideSolutionNode = FALSE
	EndGlobalSection
	GlobalSection(ExtensibilityGlobals) = postSolution
		SolutionGuid = {B0D704C8-3024-4412-BB9C-AA2D73DA6F75}
	EndGlobalSection
EndGlobal
