
Microsoft Visual Studio Solution File, Format Version 12.00
# Visual Studio 15
VisualStudioVersion = 15.0.28307.106
MinimumVisualStudioVersion = 10.0.40219.1
Project("{FAE04EC0-301F-11D3-BF4B-00C04F79EFBC}") = "WalkingManTishamI", "WalkingManTishamI\WalkingManTishamI.csproj", "{0A33DE8D-8B8D-4826-B3CC-0201C397B61F}"
EndProject
Global
	GlobalSection(SolutionConfigurationPlatforms) = preSolution
		Debug|Any CPU = Debug|Any CPU
		Release|Any CPU = Release|Any CPU
	EndGlobalSection
	GlobalSection(ProjectConfigurationPlatforms) = postSolution
		{0A33DE8D-8B8D-4826-B3CC-0201C397B61F}.Debug|Any CPU.ActiveCfg = Debug|Any CPU
		{0A33DE8D-8B8D-4826-B3CC-0201C397B61F}.Debug|Any CPU.Build.0 = Debug|Any CPU
		{0A33DE8D-8B8D-4826-B3CC-0201C397B61F}.Release|Any CPU.ActiveCfg = Release|Any CPU
		{0A33DE8D-8B8D-4826-B3CC-0201C397B61F}.Release|Any CPU.Build.0 = Release|Any CPU
	EndGlobalSection
	GlobalSection(SolutionProperties) = preSolution
		HideSolutionNode = FALSE
	EndGlobalSection
	GlobalSection(ExtensibilityGlobals) = postSolution
		SolutionGuid = {2A2A3A0F-CAF2-4CF0-9F22-6D494865B8CA}
	EndGlobalSection
EndGlobal
