
Microsoft Visual Studio Solution File, Format Version 12.00
# Visual Studio 15
VisualStudioVersion = 15.0.28307.106
MinimumVisualStudioVersion = 10.0.40219.1
Project("{FAE04EC0-301F-11D3-BF4B-00C04F79EFBC}") = "UnicodeTishamI", "UnicodeTishamI\UnicodeTishamI.csproj", "{9FAF7F0B-3F26-4050-983C-08A08A991781}"
EndProject
Global
	GlobalSection(SolutionConfigurationPlatforms) = preSolution
		Debug|Any CPU = Debug|Any CPU
		Release|Any CPU = Release|Any CPU
	EndGlobalSection
	GlobalSection(ProjectConfigurationPlatforms) = postSolution
		{9FAF7F0B-3F26-4050-983C-08A08A991781}.Debug|Any CPU.ActiveCfg = Debug|Any CPU
		{9FAF7F0B-3F26-4050-983C-08A08A991781}.Debug|Any CPU.Build.0 = Debug|Any CPU
		{9FAF7F0B-3F26-4050-983C-08A08A991781}.Release|Any CPU.ActiveCfg = Release|Any CPU
		{9FAF7F0B-3F26-4050-983C-08A08A991781}.Release|Any CPU.Build.0 = Release|Any CPU
	EndGlobalSection
	GlobalSection(SolutionProperties) = preSolution
		HideSolutionNode = FALSE
	EndGlobalSection
	GlobalSection(ExtensibilityGlobals) = postSolution
		SolutionGuid = {27A179FA-65D4-4E08-87AF-60DDCA0F9553}
	EndGlobalSection
EndGlobal
